
Microsoft Visual Studio Solution File, Format Version 12.00
# Visual Studio Version 16
VisualStudioVersion = 16.0.29318.209
MinimumVisualStudioVersion = 10.0.40219.1
Project("{2150E333-8FDC-42A3-9474-1A3956D46DE8}") = "Presentation", "Presentation", "{D1FECCC7-2CBF-4DA1-81EE-BF60DC1D847B}"
EndProject
Project("{2150E333-8FDC-42A3-9474-1A3956D46DE8}") = "Core", "Core", "{32FF861F-AD36-47B7-8B0A-4EED0BA2FAB2}"
EndProject
Project("{2150E333-8FDC-42A3-9474-1A3956D46DE8}") = "Domain", "Domain", "{B8299141-D092-4379-BCC3-221CF238787F}"
EndProject
Project("{2150E333-8FDC-42A3-9474-1A3956D46DE8}") = "System", "System", "{A8FA40CA-3C0A-4710-99D4-E5586EC701A1}"
EndProject
Project("{9A19103F-16F7-4668-BE54-9A1E7A4F7556}") = "Ctrl.Core.AutoMapper", "src\Core\Ctrl.Core.AutoMapper\Ctrl.Core.AutoMapper.csproj", "{88DC88E5-746E-408F-8850-B8CEAC027859}"
EndProject
Project("{9A19103F-16F7-4668-BE54-9A1E7A4F7556}") = "Ctrl.Core.Business", "src\Core\Ctrl.Core.Business\Ctrl.Core.Business.csproj", "{EE98E34C-EE2E-4376-BD99-E389F51A4729}"
EndProject
Project("{9A19103F-16F7-4668-BE54-9A1E7A4F7556}") = "Ctrl.Core.Core", "src\Core\Ctrl.Core.Core\Ctrl.Core.Core.csproj", "{4887C029-6E1F-42E2-9096-DE71BA6CC78C}"
EndProject
Project("{9A19103F-16F7-4668-BE54-9A1E7A4F7556}") = "Ctrl.Core.DataAccess", "src\Core\Ctrl.Core.DataAccess\Ctrl.Core.DataAccess.csproj", "{691775E8-77B3-4B53-A6B6-969D3ACB562E}"
EndProject
Project("{9A19103F-16F7-4668-BE54-9A1E7A4F7556}") = "Ctrl.Core.Entities", "src\Core\Ctrl.Core.Entities\Ctrl.Core.Entities.csproj", "{8E606A60-F16E-4C91-A4EA-DBA9003D1908}"
EndProject
Project("{9A19103F-16F7-4668-BE54-9A1E7A4F7556}") = "Ctrl.Core.PetaPoco", "src\Core\Ctrl.Core.PetaPoco\Ctrl.Core.PetaPoco.csproj", "{D4EB1FE4-7629-4D03-964D-EA33539D5B87}"
EndProject
Project("{9A19103F-16F7-4668-BE54-9A1E7A4F7556}") = "Ctrl.Core.Tag", "src\Core\Ctrl.Core.Tag\Ctrl.Core.Tag.csproj", "{01A6F8B6-8FED-4B7B-9814-9C5B8900C3DC}"
EndProject
Project("{9A19103F-16F7-4668-BE54-9A1E7A4F7556}") = "Ctrl.Core.Web", "src\Core\Ctrl.Core.Web\Ctrl.Core.Web.csproj", "{356B3181-5F71-4CEF-9B7C-7EC75C36F055}"
EndProject
Project("{9A19103F-16F7-4668-BE54-9A1E7A4F7556}") = "Ctrl.Domain.Business", "src\Domain\System\Ctrl.Domain.Business\Ctrl.Domain.Business.csproj", "{7BB7124E-6828-4959-AD40-8E441DC5D8C2}"
EndProject
Project("{9A19103F-16F7-4668-BE54-9A1E7A4F7556}") = "Ctrl.Domain.DataAccess", "src\Domain\System\Ctrl.Domain.DataAccess\Ctrl.Domain.DataAccess.csproj", "{117AFC61-DCB8-4406-B835-6F6266580C5C}"
EndProject
Project("{9A19103F-16F7-4668-BE54-9A1E7A4F7556}") = "Ctrl.Domain.Models", "src\Domain\System\Ctrl.Domain.Models\Ctrl.Domain.Models.csproj", "{1673D783-95D8-4F40-818C-9FDA06F95B73}"
EndProject
Project("{9A19103F-16F7-4668-BE54-9A1E7A4F7556}") = "Ctrl.Net", "src\Presentation\Ctrl.Net\Ctrl.Net.csproj", "{D1051EEB-0AE3-4E2C-9938-8284B1C404CB}"
EndProject
Global
	GlobalSection(SolutionConfigurationPlatforms) = preSolution
		Debug|Any CPU = Debug|Any CPU
		Release|Any CPU = Release|Any CPU
	EndGlobalSection
	GlobalSection(ProjectConfigurationPlatforms) = postSolution
		{88DC88E5-746E-408F-8850-B8CEAC027859}.Debug|Any CPU.ActiveCfg = Debug|Any CPU
		{88DC88E5-746E-408F-8850-B8CEAC027859}.Debug|Any CPU.Build.0 = Debug|Any CPU
		{88DC88E5-746E-408F-8850-B8CEAC027859}.Release|Any CPU.ActiveCfg = Release|Any CPU
		{88DC88E5-746E-408F-8850-B8CEAC027859}.Release|Any CPU.Build.0 = Release|Any CPU
		{EE98E34C-EE2E-4376-BD99-E389F51A4729}.Debug|Any CPU.ActiveCfg = Debug|Any CPU
		{EE98E34C-EE2E-4376-BD99-E389F51A4729}.Debug|Any CPU.Build.0 = Debug|Any CPU
		{EE98E34C-EE2E-4376-BD99-E389F51A4729}.Release|Any CPU.ActiveCfg = Release|Any CPU
		{EE98E34C-EE2E-4376-BD99-E389F51A4729}.Release|Any CPU.Build.0 = Release|Any CPU
		{4887C029-6E1F-42E2-9096-DE71BA6CC78C}.Debug|Any CPU.ActiveCfg = Debug|Any CPU
		{4887C029-6E1F-42E2-9096-DE71BA6CC78C}.Debug|Any CPU.Build.0 = Debug|Any CPU
		{4887C029-6E1F-42E2-9096-DE71BA6CC78C}.Release|Any CPU.ActiveCfg = Release|Any CPU
		{4887C029-6E1F-42E2-9096-DE71BA6CC78C}.Release|Any CPU.Build.0 = Release|Any CPU
		{691775E8-77B3-4B53-A6B6-969D3ACB562E}.Debug|Any CPU.ActiveCfg = Debug|Any CPU
		{691775E8-77B3-4B53-A6B6-969D3ACB562E}.Debug|Any CPU.Build.0 = Debug|Any CPU
		{691775E8-77B3-4B53-A6B6-969D3ACB562E}.Release|Any CPU.ActiveCfg = Release|Any CPU
		{691775E8-77B3-4B53-A6B6-969D3ACB562E}.Release|Any CPU.Build.0 = Release|Any CPU
		{8E606A60-F16E-4C91-A4EA-DBA9003D1908}.Debug|Any CPU.ActiveCfg = Debug|Any CPU
		{8E606A60-F16E-4C91-A4EA-DBA9003D1908}.Debug|Any CPU.Build.0 = Debug|Any CPU
		{8E606A60-F16E-4C91-A4EA-DBA9003D1908}.Release|Any CPU.ActiveCfg = Release|Any CPU
		{8E606A60-F16E-4C91-A4EA-DBA9003D1908}.Release|Any CPU.Build.0 = Release|Any CPU
		{D4EB1FE4-7629-4D03-964D-EA33539D5B87}.Debug|Any CPU.ActiveCfg = Debug|Any CPU
		{D4EB1FE4-7629-4D03-964D-EA33539D5B87}.Debug|Any CPU.Build.0 = Debug|Any CPU
		{D4EB1FE4-7629-4D03-964D-EA33539D5B87}.Release|Any CPU.ActiveCfg = Release|Any CPU
		{D4EB1FE4-7629-4D03-964D-EA33539D5B87}.Release|Any CPU.Build.0 = Release|Any CPU
		{01A6F8B6-8FED-4B7B-9814-9C5B8900C3DC}.Debug|Any CPU.ActiveCfg = Debug|Any CPU
		{01A6F8B6-8FED-4B7B-9814-9C5B8900C3DC}.Debug|Any CPU.Build.0 = Debug|Any CPU
		{01A6F8B6-8FED-4B7B-9814-9C5B8900C3DC}.Release|Any CPU.ActiveCfg = Release|Any CPU
		{01A6F8B6-8FED-4B7B-9814-9C5B8900C3DC}.Release|Any CPU.Build.0 = Release|Any CPU
		{356B3181-5F71-4CEF-9B7C-7EC75C36F055}.Debug|Any CPU.ActiveCfg = Debug|Any CPU
		{356B3181-5F71-4CEF-9B7C-7EC75C36F055}.Debug|Any CPU.Build.0 = Debug|Any CPU
		{356B3181-5F71-4CEF-9B7C-7EC75C36F055}.Release|Any CPU.ActiveCfg = Release|Any CPU
		{356B3181-5F71-4CEF-9B7C-7EC75C36F055}.Release|Any CPU.Build.0 = Release|Any CPU
		{7BB7124E-6828-4959-AD40-8E441DC5D8C2}.Debug|Any CPU.ActiveCfg = Debug|Any CPU
		{7BB7124E-6828-4959-AD40-8E441DC5D8C2}.Debug|Any CPU.Build.0 = Debug|Any CPU
		{7BB7124E-6828-4959-AD40-8E441DC5D8C2}.Release|Any CPU.ActiveCfg = Release|Any CPU
		{7BB7124E-6828-4959-AD40-8E441DC5D8C2}.Release|Any CPU.Build.0 = Release|Any CPU
		{117AFC61-DCB8-4406-B835-6F6266580C5C}.Debug|Any CPU.ActiveCfg = Debug|Any CPU
		{117AFC61-DCB8-4406-B835-6F6266580C5C}.Debug|Any CPU.Build.0 = Debug|Any CPU
		{117AFC61-DCB8-4406-B835-6F6266580C5C}.Release|Any CPU.ActiveCfg = Release|Any CPU
		{117AFC61-DCB8-4406-B835-6F6266580C5C}.Release|Any CPU.Build.0 = Release|Any CPU
		{1673D783-95D8-4F40-818C-9FDA06F95B73}.Debug|Any CPU.ActiveCfg = Debug|Any CPU
		{1673D783-95D8-4F40-818C-9FDA06F95B73}.Debug|Any CPU.Build.0 = Debug|Any CPU
		{1673D783-95D8-4F40-818C-9FDA06F95B73}.Release|Any CPU.ActiveCfg = Release|Any CPU
		{1673D783-95D8-4F40-818C-9FDA06F95B73}.Release|Any CPU.Build.0 = Release|Any CPU
		{D1051EEB-0AE3-4E2C-9938-8284B1C404CB}.Debug|Any CPU.ActiveCfg = Debug|Any CPU
		{D1051EEB-0AE3-4E2C-9938-8284B1C404CB}.Debug|Any CPU.Build.0 = Debug|Any CPU
		{D1051EEB-0AE3-4E2C-9938-8284B1C404CB}.Release|Any CPU.ActiveCfg = Release|Any CPU
		{D1051EEB-0AE3-4E2C-9938-8284B1C404CB}.Release|Any CPU.Build.0 = Release|Any CPU
	EndGlobalSection
	GlobalSection(SolutionProperties) = preSolution
		HideSolutionNode = FALSE
	EndGlobalSection
	GlobalSection(NestedProjects) = preSolution
		{A8FA40CA-3C0A-4710-99D4-E5586EC701A1} = {B8299141-D092-4379-BCC3-221CF238787F}
		{88DC88E5-746E-408F-8850-B8CEAC027859} = {32FF861F-AD36-47B7-8B0A-4EED0BA2FAB2}
		{EE98E34C-EE2E-4376-BD99-E389F51A4729} = {32FF861F-AD36-47B7-8B0A-4EED0BA2FAB2}
		{4887C029-6E1F-42E2-9096-DE71BA6CC78C} = {32FF861F-AD36-47B7-8B0A-4EED0BA2FAB2}
		{691775E8-77B3-4B53-A6B6-969D3ACB562E} = {32FF861F-AD36-47B7-8B0A-4EED0BA2FAB2}
		{8E606A60-F16E-4C91-A4EA-DBA9003D1908} = {32FF861F-AD36-47B7-8B0A-4EED0BA2FAB2}
		{D4EB1FE4-7629-4D03-964D-EA33539D5B87} = {32FF861F-AD36-47B7-8B0A-4EED0BA2FAB2}
		{01A6F8B6-8FED-4B7B-9814-9C5B8900C3DC} = {32FF861F-AD36-47B7-8B0A-4EED0BA2FAB2}
		{356B3181-5F71-4CEF-9B7C-7EC75C36F055} = {32FF861F-AD36-47B7-8B0A-4EED0BA2FAB2}
		{7BB7124E-6828-4959-AD40-8E441DC5D8C2} = {A8FA40CA-3C0A-4710-99D4-E5586EC701A1}
		{117AFC61-DCB8-4406-B835-6F6266580C5C} = {A8FA40CA-3C0A-4710-99D4-E5586EC701A1}
		{1673D783-95D8-4F40-818C-9FDA06F95B73} = {A8FA40CA-3C0A-4710-99D4-E5586EC701A1}
		{D1051EEB-0AE3-4E2C-9938-8284B1C404CB} = {D1FECCC7-2CBF-4DA1-81EE-BF60DC1D847B}
	EndGlobalSection
	GlobalSection(ExtensibilityGlobals) = postSolution
		SolutionGuid = {15263E9B-6650-4CFC-A742-C40003127E40}
	EndGlobalSection
EndGlobal
