
Microsoft Visual Studio Solution File, Format Version 12.00
# Visual Studio 15
VisualStudioVersion = 15.0.28307.572
MinimumVisualStudioVersion = 10.0.40219.1
Project("{2150E333-8FDC-42A3-9474-1A3956D46DE8}") = "Presentation", "Presentation", "{D1FECCC7-2CBF-4DA1-81EE-BF60DC1D847B}"
EndProject
Project("{9A19103F-16F7-4668-BE54-9A1E7A4F7556}") = "Ctrl.Net", "Presentation\Ctrl.Net\Ctrl.Net.csproj", "{3EFEED3B-98C4-41DC-9CAF-0882D301250B}"
EndProject
Project("{2150E333-8FDC-42A3-9474-1A3956D46DE8}") = "Core", "Core", "{32FF861F-AD36-47B7-8B0A-4EED0BA2FAB2}"
EndProject
Project("{2150E333-8FDC-42A3-9474-1A3956D46DE8}") = "Domain", "Domain", "{B8299141-D092-4379-BCC3-221CF238787F}"
EndProject
Project("{9A19103F-16F7-4668-BE54-9A1E7A4F7556}") = "Ctrl.Core.Core", "Core\Ctrl.Core.Core\Ctrl.Core.Core.csproj", "{6D343B62-799C-4302-9751-14EBC8739650}"
EndProject
Project("{9A19103F-16F7-4668-BE54-9A1E7A4F7556}") = "Ctrl.XUnit", "Presentation\Ctrl.XUnit\Ctrl.XUnit.csproj", "{8C3D7B45-C790-4306-85AF-85DB0CE78A77}"
EndProject
Project("{9A19103F-16F7-4668-BE54-9A1E7A4F7556}") = "Ctrl.Core.PetaPoco", "Core\Ctrl.Core.PetaPoco\Ctrl.Core.PetaPoco.csproj", "{40738B68-2E0B-4E1E-9865-59BFD8DC6DBC}"
EndProject
Project("{9A19103F-16F7-4668-BE54-9A1E7A4F7556}") = "Ctrl.Core.DataAccess", "Core\Ctrl.Core.DataAccess\Ctrl.Core.DataAccess.csproj", "{584C07F5-729B-41A1-8363-BD23F2E9EF7A}"
EndProject
Project("{9A19103F-16F7-4668-BE54-9A1E7A4F7556}") = "Ctrl.Core.Entities", "Core\Ctrl.Core.Entities\Ctrl.Core.Entities.csproj", "{E8C657A7-8BAA-40D4-B498-12CABD7B377B}"
EndProject
Project("{2150E333-8FDC-42A3-9474-1A3956D46DE8}") = "System", "System", "{A8FA40CA-3C0A-4710-99D4-E5586EC701A1}"
EndProject
Project("{9A19103F-16F7-4668-BE54-9A1E7A4F7556}") = "Ctrl.Domain.Business", "Domain\System\Ctrl.Domain.Business\Ctrl.Domain.Business.csproj", "{2B3FF56F-D510-449D-87B5-46D57CA79232}"
EndProject
Project("{9A19103F-16F7-4668-BE54-9A1E7A4F7556}") = "Ctrl.Domain.DataAccess", "Domain\System\Ctrl.Domain.DataAccess\Ctrl.Domain.DataAccess.csproj", "{6E603CD7-DC5C-4B0F-94ED-95CC499590C6}"
EndProject
Project("{9A19103F-16F7-4668-BE54-9A1E7A4F7556}") = "Ctrl.Domain.Models", "Domain\System\Ctrl.Domain.Models\Ctrl.Domain.Models.csproj", "{B806D966-0002-444A-90F4-9E538CDA729F}"
EndProject
Project("{9A19103F-16F7-4668-BE54-9A1E7A4F7556}") = "Ctrl.Core.Web", "Core\Ctrl.Core.Web\Ctrl.Core.Web.csproj", "{1F23CBCF-C994-447C-BE6F-080CDAC3BAE3}"
EndProject
Project("{9A19103F-16F7-4668-BE54-9A1E7A4F7556}") = "Ctrl.Core.AutoMapper", "Core\Ctrl.Core.AutoMapper\Ctrl.Core.AutoMapper.csproj", "{A62974E7-22D6-45AC-8903-202190780AE7}"
EndProject
Project("{9A19103F-16F7-4668-BE54-9A1E7A4F7556}") = "Ctrl.Core.Business", "Core\Ctrl.Core.Business\Ctrl.Core.Business.csproj", "{684C3F0E-6692-43D6-B2C0-AD86C17F76CC}"
EndProject
Project("{2150E333-8FDC-42A3-9474-1A3956D46DE8}") = "Plug", "Plug", "{B3C8F35C-BE85-46BE-B5DC-0C631DCFCCC6}"
EndProject
Project("{2150E333-8FDC-42A3-9474-1A3956D46DE8}") = "Pay", "Pay", "{6CF5D5A5-E424-4E6B-B616-7BEAD8FB80CC}"
EndProject
Project("{9A19103F-16F7-4668-BE54-9A1E7A4F7556}") = "Ctrl.Plugin.Ali", "PlugIn\Pay\Ctrl.Plugin.Ali\Ctrl.Plugin.Ali.csproj", "{DF07DDEF-2A4D-4EDC-8318-E296BB66DAD5}"
EndProject
Project("{9A19103F-16F7-4668-BE54-9A1E7A4F7556}") = "Ctrl.Plugin.Unionpay", "PlugIn\Pay\Ctrl.Plugin.Unionpay\Ctrl.Plugin.Unionpay.csproj", "{AD2896A3-BF43-416D-8E70-7F66215C81B6}"
EndProject
Project("{9A19103F-16F7-4668-BE54-9A1E7A4F7556}") = "Ctrl.Plugin.Wx", "PlugIn\Pay\Ctrl.Plugin.Wx\Ctrl.Plugin.Wx.csproj", "{263DA60E-3639-4383-AC6D-E7CE4731865B}"
EndProject
Project("{9A19103F-16F7-4668-BE54-9A1E7A4F7556}") = "Ctrl.Pay.Service", "PlugIn\Pay\Ctrl.Pay.Service\Ctrl.Pay.Service.csproj", "{3A0335F2-6CB3-4385-A499-4130ABAE0A68}"
EndProject
Project("{9A19103F-16F7-4668-BE54-9A1E7A4F7556}") = "Ctrl.Plugin.PayCore", "PlugIn\Pay\Ctrl.Plugin.PayCore\Ctrl.Plugin.PayCore.csproj", "{24078B30-1B2E-49F2-A7F7-C2E8FC1E7660}"
EndProject
Global
	GlobalSection(SolutionConfigurationPlatforms) = preSolution
		Debug|Any CPU = Debug|Any CPU
		Release|Any CPU = Release|Any CPU
	EndGlobalSection
	GlobalSection(ProjectConfigurationPlatforms) = postSolution
		{3EFEED3B-98C4-41DC-9CAF-0882D301250B}.Debug|Any CPU.ActiveCfg = Debug|Any CPU
		{3EFEED3B-98C4-41DC-9CAF-0882D301250B}.Debug|Any CPU.Build.0 = Debug|Any CPU
		{3EFEED3B-98C4-41DC-9CAF-0882D301250B}.Release|Any CPU.ActiveCfg = Release|Any CPU
		{3EFEED3B-98C4-41DC-9CAF-0882D301250B}.Release|Any CPU.Build.0 = Release|Any CPU
		{6D343B62-799C-4302-9751-14EBC8739650}.Debug|Any CPU.ActiveCfg = Debug|Any CPU
		{6D343B62-799C-4302-9751-14EBC8739650}.Debug|Any CPU.Build.0 = Debug|Any CPU
		{6D343B62-799C-4302-9751-14EBC8739650}.Release|Any CPU.ActiveCfg = Release|Any CPU
		{6D343B62-799C-4302-9751-14EBC8739650}.Release|Any CPU.Build.0 = Release|Any CPU
		{8C3D7B45-C790-4306-85AF-85DB0CE78A77}.Debug|Any CPU.ActiveCfg = Debug|Any CPU
		{8C3D7B45-C790-4306-85AF-85DB0CE78A77}.Debug|Any CPU.Build.0 = Debug|Any CPU
		{8C3D7B45-C790-4306-85AF-85DB0CE78A77}.Release|Any CPU.ActiveCfg = Release|Any CPU
		{8C3D7B45-C790-4306-85AF-85DB0CE78A77}.Release|Any CPU.Build.0 = Release|Any CPU
		{40738B68-2E0B-4E1E-9865-59BFD8DC6DBC}.Debug|Any CPU.ActiveCfg = Debug|Any CPU
		{40738B68-2E0B-4E1E-9865-59BFD8DC6DBC}.Debug|Any CPU.Build.0 = Debug|Any CPU
		{40738B68-2E0B-4E1E-9865-59BFD8DC6DBC}.Release|Any CPU.ActiveCfg = Release|Any CPU
		{40738B68-2E0B-4E1E-9865-59BFD8DC6DBC}.Release|Any CPU.Build.0 = Release|Any CPU
		{584C07F5-729B-41A1-8363-BD23F2E9EF7A}.Debug|Any CPU.ActiveCfg = Debug|Any CPU
		{584C07F5-729B-41A1-8363-BD23F2E9EF7A}.Debug|Any CPU.Build.0 = Debug|Any CPU
		{584C07F5-729B-41A1-8363-BD23F2E9EF7A}.Release|Any CPU.ActiveCfg = Release|Any CPU
		{584C07F5-729B-41A1-8363-BD23F2E9EF7A}.Release|Any CPU.Build.0 = Release|Any CPU
		{E8C657A7-8BAA-40D4-B498-12CABD7B377B}.Debug|Any CPU.ActiveCfg = Debug|Any CPU
		{E8C657A7-8BAA-40D4-B498-12CABD7B377B}.Debug|Any CPU.Build.0 = Debug|Any CPU
		{E8C657A7-8BAA-40D4-B498-12CABD7B377B}.Release|Any CPU.ActiveCfg = Release|Any CPU
		{E8C657A7-8BAA-40D4-B498-12CABD7B377B}.Release|Any CPU.Build.0 = Release|Any CPU
		{2B3FF56F-D510-449D-87B5-46D57CA79232}.Debug|Any CPU.ActiveCfg = Debug|Any CPU
		{2B3FF56F-D510-449D-87B5-46D57CA79232}.Debug|Any CPU.Build.0 = Debug|Any CPU
		{2B3FF56F-D510-449D-87B5-46D57CA79232}.Release|Any CPU.ActiveCfg = Release|Any CPU
		{2B3FF56F-D510-449D-87B5-46D57CA79232}.Release|Any CPU.Build.0 = Release|Any CPU
		{6E603CD7-DC5C-4B0F-94ED-95CC499590C6}.Debug|Any CPU.ActiveCfg = Debug|Any CPU
		{6E603CD7-DC5C-4B0F-94ED-95CC499590C6}.Debug|Any CPU.Build.0 = Debug|Any CPU
		{6E603CD7-DC5C-4B0F-94ED-95CC499590C6}.Release|Any CPU.ActiveCfg = Release|Any CPU
		{6E603CD7-DC5C-4B0F-94ED-95CC499590C6}.Release|Any CPU.Build.0 = Release|Any CPU
		{B806D966-0002-444A-90F4-9E538CDA729F}.Debug|Any CPU.ActiveCfg = Debug|Any CPU
		{B806D966-0002-444A-90F4-9E538CDA729F}.Debug|Any CPU.Build.0 = Debug|Any CPU
		{B806D966-0002-444A-90F4-9E538CDA729F}.Release|Any CPU.ActiveCfg = Release|Any CPU
		{B806D966-0002-444A-90F4-9E538CDA729F}.Release|Any CPU.Build.0 = Release|Any CPU
		{1F23CBCF-C994-447C-BE6F-080CDAC3BAE3}.Debug|Any CPU.ActiveCfg = Debug|Any CPU
		{1F23CBCF-C994-447C-BE6F-080CDAC3BAE3}.Debug|Any CPU.Build.0 = Debug|Any CPU
		{1F23CBCF-C994-447C-BE6F-080CDAC3BAE3}.Release|Any CPU.ActiveCfg = Release|Any CPU
		{1F23CBCF-C994-447C-BE6F-080CDAC3BAE3}.Release|Any CPU.Build.0 = Release|Any CPU
		{A62974E7-22D6-45AC-8903-202190780AE7}.Debug|Any CPU.ActiveCfg = Debug|Any CPU
		{A62974E7-22D6-45AC-8903-202190780AE7}.Debug|Any CPU.Build.0 = Debug|Any CPU
		{A62974E7-22D6-45AC-8903-202190780AE7}.Release|Any CPU.ActiveCfg = Release|Any CPU
		{A62974E7-22D6-45AC-8903-202190780AE7}.Release|Any CPU.Build.0 = Release|Any CPU
		{684C3F0E-6692-43D6-B2C0-AD86C17F76CC}.Debug|Any CPU.ActiveCfg = Debug|Any CPU
		{684C3F0E-6692-43D6-B2C0-AD86C17F76CC}.Debug|Any CPU.Build.0 = Debug|Any CPU
		{684C3F0E-6692-43D6-B2C0-AD86C17F76CC}.Release|Any CPU.ActiveCfg = Release|Any CPU
		{684C3F0E-6692-43D6-B2C0-AD86C17F76CC}.Release|Any CPU.Build.0 = Release|Any CPU
		{DF07DDEF-2A4D-4EDC-8318-E296BB66DAD5}.Debug|Any CPU.ActiveCfg = Debug|Any CPU
		{DF07DDEF-2A4D-4EDC-8318-E296BB66DAD5}.Debug|Any CPU.Build.0 = Debug|Any CPU
		{DF07DDEF-2A4D-4EDC-8318-E296BB66DAD5}.Release|Any CPU.ActiveCfg = Release|Any CPU
		{DF07DDEF-2A4D-4EDC-8318-E296BB66DAD5}.Release|Any CPU.Build.0 = Release|Any CPU
		{AD2896A3-BF43-416D-8E70-7F66215C81B6}.Debug|Any CPU.ActiveCfg = Debug|Any CPU
		{AD2896A3-BF43-416D-8E70-7F66215C81B6}.Debug|Any CPU.Build.0 = Debug|Any CPU
		{AD2896A3-BF43-416D-8E70-7F66215C81B6}.Release|Any CPU.ActiveCfg = Release|Any CPU
		{AD2896A3-BF43-416D-8E70-7F66215C81B6}.Release|Any CPU.Build.0 = Release|Any CPU
		{263DA60E-3639-4383-AC6D-E7CE4731865B}.Debug|Any CPU.ActiveCfg = Debug|Any CPU
		{263DA60E-3639-4383-AC6D-E7CE4731865B}.Debug|Any CPU.Build.0 = Debug|Any CPU
		{263DA60E-3639-4383-AC6D-E7CE4731865B}.Release|Any CPU.ActiveCfg = Release|Any CPU
		{263DA60E-3639-4383-AC6D-E7CE4731865B}.Release|Any CPU.Build.0 = Release|Any CPU
		{3A0335F2-6CB3-4385-A499-4130ABAE0A68}.Debug|Any CPU.ActiveCfg = Debug|Any CPU
		{3A0335F2-6CB3-4385-A499-4130ABAE0A68}.Debug|Any CPU.Build.0 = Debug|Any CPU
		{3A0335F2-6CB3-4385-A499-4130ABAE0A68}.Release|Any CPU.ActiveCfg = Release|Any CPU
		{3A0335F2-6CB3-4385-A499-4130ABAE0A68}.Release|Any CPU.Build.0 = Release|Any CPU
		{24078B30-1B2E-49F2-A7F7-C2E8FC1E7660}.Debug|Any CPU.ActiveCfg = Debug|Any CPU
		{24078B30-1B2E-49F2-A7F7-C2E8FC1E7660}.Debug|Any CPU.Build.0 = Debug|Any CPU
		{24078B30-1B2E-49F2-A7F7-C2E8FC1E7660}.Release|Any CPU.ActiveCfg = Release|Any CPU
		{24078B30-1B2E-49F2-A7F7-C2E8FC1E7660}.Release|Any CPU.Build.0 = Release|Any CPU
	EndGlobalSection
	GlobalSection(SolutionProperties) = preSolution
		HideSolutionNode = FALSE
	EndGlobalSection
	GlobalSection(NestedProjects) = preSolution
		{3EFEED3B-98C4-41DC-9CAF-0882D301250B} = {D1FECCC7-2CBF-4DA1-81EE-BF60DC1D847B}
		{6D343B62-799C-4302-9751-14EBC8739650} = {32FF861F-AD36-47B7-8B0A-4EED0BA2FAB2}
		{8C3D7B45-C790-4306-85AF-85DB0CE78A77} = {D1FECCC7-2CBF-4DA1-81EE-BF60DC1D847B}
		{40738B68-2E0B-4E1E-9865-59BFD8DC6DBC} = {32FF861F-AD36-47B7-8B0A-4EED0BA2FAB2}
		{584C07F5-729B-41A1-8363-BD23F2E9EF7A} = {32FF861F-AD36-47B7-8B0A-4EED0BA2FAB2}
		{E8C657A7-8BAA-40D4-B498-12CABD7B377B} = {32FF861F-AD36-47B7-8B0A-4EED0BA2FAB2}
		{A8FA40CA-3C0A-4710-99D4-E5586EC701A1} = {B8299141-D092-4379-BCC3-221CF238787F}
		{2B3FF56F-D510-449D-87B5-46D57CA79232} = {A8FA40CA-3C0A-4710-99D4-E5586EC701A1}
		{6E603CD7-DC5C-4B0F-94ED-95CC499590C6} = {A8FA40CA-3C0A-4710-99D4-E5586EC701A1}
		{B806D966-0002-444A-90F4-9E538CDA729F} = {A8FA40CA-3C0A-4710-99D4-E5586EC701A1}
		{1F23CBCF-C994-447C-BE6F-080CDAC3BAE3} = {32FF861F-AD36-47B7-8B0A-4EED0BA2FAB2}
		{A62974E7-22D6-45AC-8903-202190780AE7} = {32FF861F-AD36-47B7-8B0A-4EED0BA2FAB2}
		{684C3F0E-6692-43D6-B2C0-AD86C17F76CC} = {32FF861F-AD36-47B7-8B0A-4EED0BA2FAB2}
		{6CF5D5A5-E424-4E6B-B616-7BEAD8FB80CC} = {B3C8F35C-BE85-46BE-B5DC-0C631DCFCCC6}
		{DF07DDEF-2A4D-4EDC-8318-E296BB66DAD5} = {6CF5D5A5-E424-4E6B-B616-7BEAD8FB80CC}
		{AD2896A3-BF43-416D-8E70-7F66215C81B6} = {6CF5D5A5-E424-4E6B-B616-7BEAD8FB80CC}
		{263DA60E-3639-4383-AC6D-E7CE4731865B} = {6CF5D5A5-E424-4E6B-B616-7BEAD8FB80CC}
		{3A0335F2-6CB3-4385-A499-4130ABAE0A68} = {6CF5D5A5-E424-4E6B-B616-7BEAD8FB80CC}
		{24078B30-1B2E-49F2-A7F7-C2E8FC1E7660} = {6CF5D5A5-E424-4E6B-B616-7BEAD8FB80CC}
	EndGlobalSection
	GlobalSection(ExtensibilityGlobals) = postSolution
		SolutionGuid = {15263E9B-6650-4CFC-A742-C40003127E40}
	EndGlobalSection
EndGlobal
